
Microsoft Visual Studio Solution File, Format Version 12.00
# Visual Studio Version 16
VisualStudioVersion = 16.0.30011.22
MinimumVisualStudioVersion = 10.0.40219.1
Project("{8BC9CEB8-8B4A-11D0-8D11-00A0C91BC942}") = "实验四", "实验四.vcxproj", "{CB36305D-E201-48E0-B6E2-CEC56C704AE6}"
EndProject
Global
	GlobalSection(SolutionConfigurationPlatforms) = preSolution
		Debug|x64 = Debug|x64
		Debug|x86 = Debug|x86
		Release|x64 = Release|x64
		Release|x86 = Release|x86
	EndGlobalSection
	GlobalSection(ProjectConfigurationPlatforms) = postSolution
		{CB36305D-E201-48E0-B6E2-CEC56C704AE6}.Debug|x64.ActiveCfg = Debug|x64
		{CB36305D-E201-48E0-B6E2-CEC56C704AE6}.Debug|x64.Build.0 = Debug|x64
		{CB36305D-E201-48E0-B6E2-CEC56C704AE6}.Debug|x86.ActiveCfg = Debug|Win32
		{CB36305D-E201-48E0-B6E2-CEC56C704AE6}.Debug|x86.Build.0 = Debug|Win32
		{CB36305D-E201-48E0-B6E2-CEC56C704AE6}.Release|x64.ActiveCfg = Release|x64
		{CB36305D-E201-48E0-B6E2-CEC56C704AE6}.Release|x64.Build.0 = Release|x64
		{CB36305D-E201-48E0-B6E2-CEC56C704AE6}.Release|x86.ActiveCfg = Release|Win32
		{CB36305D-E201-48E0-B6E2-CEC56C704AE6}.Release|x86.Build.0 = Release|Win32
	EndGlobalSection
	GlobalSection(SolutionProperties) = preSolution
		HideSolutionNode = FALSE
	EndGlobalSection
	GlobalSection(ExtensibilityGlobals) = postSolution
		SolutionGuid = {AC09BF47-9EAA-4C9A-8730-8D6D599B16CB}
	EndGlobalSection
EndGlobal
